
Microsoft Visual Studio Solution File, Format Version 12.00
# Visual Studio Version 17
VisualStudioVersion = 17.6.33815.320
MinimumVisualStudioVersion = 10.0.40219.1
Project("{FAE04EC0-301F-11D3-BF4B-00C04F79EFBC}") = "NeptureWebAPI", "NeptureWebAPI\NeptureWebAPI.csproj", "{F6360C00-D474-46AA-AF16-61021AAA7CDE}"
EndProject
Global
	GlobalSection(SolutionConfigurationPlatforms) = preSolution
		Debug|Any CPU = Debug|Any CPU
		Release|Any CPU = Release|Any CPU
	EndGlobalSection
	GlobalSection(ProjectConfigurationPlatforms) = postSolution
		{F6360C00-D474-46AA-AF16-61021AAA7CDE}.Debug|Any CPU.ActiveCfg = Debug|Any CPU
		{F6360C00-D474-46AA-AF16-61021AAA7CDE}.Debug|Any CPU.Build.0 = Debug|Any CPU
		{F6360C00-D474-46AA-AF16-61021AAA7CDE}.Release|Any CPU.ActiveCfg = Release|Any CPU
		{F6360C00-D474-46AA-AF16-61021AAA7CDE}.Release|Any CPU.Build.0 = Release|Any CPU
	EndGlobalSection
	GlobalSection(SolutionProperties) = preSolution
		HideSolutionNode = FALSE
	EndGlobalSection
	GlobalSection(ExtensibilityGlobals) = postSolution
		SolutionGuid = {C0E9BC6F-1678-4FF2-A589-3E21368E941B}
	EndGlobalSection
EndGlobal
